
Microsoft Visual Studio Solution File, Format Version 12.00
# Visual Studio Version 17
VisualStudioVersion = 17.11.35222.181
MinimumVisualStudioVersion = 10.0.40219.1
Project("{8BC9CEB8-8B4A-11D0-8D11-00A0C91BC942}") = "RockPaperScassor", "RockPaperScassor\RockPaperScassor.vcxproj", "{3F0685E8-762F-48A6-A2BE-0B7EC695CDCD}"
EndProject
Global
	GlobalSection(SolutionConfigurationPlatforms) = preSolution
		Debug|x64 = Debug|x64
		Debug|x86 = Debug|x86
		Release|x64 = Release|x64
		Release|x86 = Release|x86
	EndGlobalSection
	GlobalSection(ProjectConfigurationPlatforms) = postSolution
		{3F0685E8-762F-48A6-A2BE-0B7EC695CDCD}.Debug|x64.ActiveCfg = Debug|x64
		{3F0685E8-762F-48A6-A2BE-0B7EC695CDCD}.Debug|x64.Build.0 = Debug|x64
		{3F0685E8-762F-48A6-A2BE-0B7EC695CDCD}.Debug|x86.ActiveCfg = Debug|Win32
		{3F0685E8-762F-48A6-A2BE-0B7EC695CDCD}.Debug|x86.Build.0 = Debug|Win32
		{3F0685E8-762F-48A6-A2BE-0B7EC695CDCD}.Release|x64.ActiveCfg = Release|x64
		{3F0685E8-762F-48A6-A2BE-0B7EC695CDCD}.Release|x64.Build.0 = Release|x64
		{3F0685E8-762F-48A6-A2BE-0B7EC695CDCD}.Release|x86.ActiveCfg = Release|Win32
		{3F0685E8-762F-48A6-A2BE-0B7EC695CDCD}.Release|x86.Build.0 = Release|Win32
	EndGlobalSection
	GlobalSection(SolutionProperties) = preSolution
		HideSolutionNode = FALSE
	EndGlobalSection
	GlobalSection(ExtensibilityGlobals) = postSolution
		SolutionGuid = {2C769340-4D8C-4564-AE55-DC5F09ADCB12}
	EndGlobalSection
EndGlobal
